schema: '2.0'
stages:
  data_ingestion:
    cmd: python capstone/data/ingest.py
    deps:
    - path: capstone/data/ingest.py
      hash: md5
      md5: 77f911e69a7aa33bee851e34fefcf645
      size: 1991
    params:
      params.yaml:
        data_ingestion.raw_file: raw/data.csv
        data_ingestion.test_size: 0.3
    outs:
    - path: data/raw
      hash: md5
      md5: 39b2596020a7a6b7e59920be466b64fc.dir
      size: 648741
      nfiles: 2
  data_preprocessing:
    cmd: python capstone/data/pre_process.py
    deps:
    - path: capstone/data/pre_process.py
      hash: md5
      md5: 19191a1580340cfd56d8e2ae1a092dff
      size: 2816
    - path: data/raw
      hash: md5
      md5: 39b2596020a7a6b7e59920be466b64fc.dir
      size: 648741
      nfiles: 2
    outs:
    - path: data/interim
      hash: md5
      md5: eee1e94650f2b85058ca70bce9312bfe.dir
      size: 400767
      nfiles: 2
  feature_engineering:
    cmd: python capstone/feature/engineering.py
    deps:
    - path: capstone/feature/engineering.py
      hash: md5
      md5: 37a9d16c4b1b1006f889769306c40261
      size: 2251
    - path: data/interim
      hash: md5
      md5: eee1e94650f2b85058ca70bce9312bfe.dir
      size: 400767
      nfiles: 2
    params:
      params.yaml:
        feature_engineering.max_features: 50
        feature_engineering.vectorizer_name: vectorizer
    outs:
    - path: data/processed
      hash: md5
      md5: 87672e28529d54020bbda196d94a6903.dir
      size: 51381
      nfiles: 2
    - path: models/vectorizer.pkl
      hash: md5
      md5: 7a32e09c8ec6ab4fccc50b12daa5c098
      size: 1863
  model_building:
    cmd: python capstone/modeling/train.py
    deps:
    - path: capstone/modeling/train.py
      hash: md5
      md5: ea7185780e9e35b4f932a24a8d51ef7a
      size: 1424
    - path: data/processed
      hash: md5
      md5: 87672e28529d54020bbda196d94a6903.dir
      size: 51381
      nfiles: 2
    outs:
    - path: models/capstone_model.pkl
      hash: md5
      md5: 6dc3b6284b914308a022894c766c1be4
      size: 1275
  model_evaluation:
    cmd: python capstone/modeling/evaluate.py
    deps:
    - path: capstone/modeling/evaluate.py
      hash: md5
      md5: ac66ce6536773071ab6f4043bfdd5955
      size: 4214
    - path: models/capstone_model.pkl
      hash: md5
      md5: 6dc3b6284b914308a022894c766c1be4
      size: 1275
    outs:
    - path: reports/experiment_info.json
      hash: md5
      md5: 66e424a1deb9be496ca8e4a96172ec1e
      size: 79
    - path: reports/metrics.json
      hash: md5
      md5: 4ff05ffedece36bd292f245166022c8c
      size: 141
  model_registration:
    cmd: python capstone/modeling/register.py
    deps:
    - path: capstone/modeling/register.py
      hash: md5
      md5: b32b2504e748e4c138a567c537323572
      size: 1681
    - path: reports/experiment_info.json
      hash: md5
      md5: 66e424a1deb9be496ca8e4a96172ec1e
      size: 79
    - path: reports/metrics.json
      hash: md5
      md5: 4ff05ffedece36bd292f245166022c8c
      size: 141
